
Microsoft Visual Studio Solution File, Format Version 12.00
# Visual Studio Version 17
VisualStudioVersion = 17.14.36109.1 d17.14
MinimumVisualStudioVersion = 10.0.40219.1
Project("{FAE04EC0-301F-11D3-BF4B-00C04F79EFBC}") = "WebPresentation", "WebPresentation\WebPresentation.csproj", "{3D860749-4676-4117-90CD-7831A3A39138}"
EndProject
Global
	GlobalSection(SolutionConfigurationPlatforms) = preSolution
		Debug|Any CPU = Debug|Any CPU
		Release|Any CPU = Release|Any CPU
	EndGlobalSection
	GlobalSection(ProjectConfigurationPlatforms) = postSolution
		{3D860749-4676-4117-90CD-7831A3A39138}.Debug|Any CPU.ActiveCfg = Debug|Any CPU
		{3D860749-4676-4117-90CD-7831A3A39138}.Debug|Any CPU.Build.0 = Debug|Any CPU
		{3D860749-4676-4117-90CD-7831A3A39138}.Release|Any CPU.ActiveCfg = Release|Any CPU
		{3D860749-4676-4117-90CD-7831A3A39138}.Release|Any CPU.Build.0 = Release|Any CPU
	EndGlobalSection
	GlobalSection(SolutionProperties) = preSolution
		HideSolutionNode = FALSE
	EndGlobalSection
	GlobalSection(ExtensibilityGlobals) = postSolution
		SolutionGuid = {F4B18BC9-FCC7-4B2D-8687-E04FD799CFF6}
	EndGlobalSection
EndGlobal
